// !$*UTF8*$!
{
	archiveVersion = 1;
	classes = {
	};
	objectVersion = 46;
	objects = {

/* Begin PBXBuildFile section */
		33182C771E38F1C000D9622C /* ShopCartAnimation.m in Sources */ = {isa = PBXBuildFile; fileRef = 33182C761E38F1C000D9622C /* ShopCartAnimation.m */; };
		33182C7B1E38F34400D9622C /* ShopCartAnimationController.m in Sources */ = {isa = PBXBuildFile; fileRef = 33182C791E38F34400D9622C /* ShopCartAnimationController.m */; };
		33182C7C1E38F34400D9622C /* ShopCartAnimationController.xib in Resources */ = {isa = PBXBuildFile; fileRef = 33182C7A1E38F34400D9622C /* ShopCartAnimationController.xib */; };
		33182C801E38F60500D9622C /* PSProductCell.m in Sources */ = {isa = PBXBuildFile; fileRef = 33182C7E1E38F60500D9622C /* PSProductCell.m */; };
		33182C811E38F60500D9622C /* PSProductCell.xib in Resources */ = {isa = PBXBuildFile; fileRef = 33182C7F1E38F60500D9622C /* PSProductCell.xib */; };
		33182C861E3904A400D9622C /* EDKViewController.m in Sources */ = {isa = PBXBuildFile; fileRef = 33182C841E3904A400D9622C /* EDKViewController.m */; };
		33182C871E3904A400D9622C /* EDKViewController.xib in Resources */ = {isa = PBXBuildFile; fileRef = 33182C851E3904A400D9622C /* EDKViewController.xib */; };
		331BAF4F1E275D3F00B94BD4 /* main.m in Sources */ = {isa = PBXBuildFile; fileRef = 331BAF4E1E275D3F00B94BD4 /* main.m */; };
		331BAF521E275D3F00B94BD4 /* AppDelegate.m in Sources */ = {isa = PBXBuildFile; fileRef = 331BAF511E275D3F00B94BD4 /* AppDelegate.m */; };
		331BAF551E275D3F00B94BD4 /* ViewController.m in Sources */ = {isa = PBXBuildFile; fileRef = 331BAF541E275D3F00B94BD4 /* ViewController.m */; };
		331BAF581E275D3F00B94BD4 /* Main.storyboard in Resources */ = {isa = PBXBuildFile; fileRef = 331BAF561E275D3F00B94BD4 /* Main.storyboard */; };
		331BAF5A1E275D3F00B94BD4 /* Assets.xcassets in Resources */ = {isa = PBXBuildFile; fileRef = 331BAF591E275D3F00B94BD4 /* Assets.xcassets */; };
		331BAF5D1E275D3F00B94BD4 /* LaunchScreen.storyboard in Resources */ = {isa = PBXBuildFile; fileRef = 331BAF5B1E275D3F00B94BD4 /* LaunchScreen.storyboard */; };
		331BAF681E275D7D00B94BD4 /* SpeedoMeterView.m in Sources */ = {isa = PBXBuildFile; fileRef = 331BAF661E275D7D00B94BD4 /* SpeedoMeterView.m */; };
		331BAF691E275D7D00B94BD4 /* SpeedoMeterView.xib in Resources */ = {isa = PBXBuildFile; fileRef = 331BAF671E275D7D00B94BD4 /* SpeedoMeterView.xib */; };
		331BAF6C1E27624F00B94BD4 /* SBTestCell.m in Sources */ = {isa = PBXBuildFile; fileRef = 331BAF6B1E27624F00B94BD4 /* SBTestCell.m */; };
		331BAF6E1E2763D200B94BD4 /* SBTestCell.xib in Resources */ = {isa = PBXBuildFile; fileRef = 331BAF6D1E2763D200B94BD4 /* SBTestCell.xib */; };
		331BAF711E2764A700B94BD4 /* SBTestModel.m in Sources */ = {isa = PBXBuildFile; fileRef = 331BAF701E2764A700B94BD4 /* SBTestModel.m */; };
		331BAF781E27752C00B94BD4 /* SpeedMeterTestViewController.m in Sources */ = {isa = PBXBuildFile; fileRef = 331BAF761E27752C00B94BD4 /* SpeedMeterTestViewController.m */; };
		331BAF791E27752C00B94BD4 /* SpeedMeterTestViewController.xib in Resources */ = {isa = PBXBuildFile; fileRef = 331BAF771E27752C00B94BD4 /* SpeedMeterTestViewController.xib */; };
		33D0FB951E3B8E7100EF0DE4 /* PSTransationViewController.m in Sources */ = {isa = PBXBuildFile; fileRef = 33D0FB941E3B8E7100EF0DE4 /* PSTransationViewController.m */; };
		33D0FB981E3B8F2800EF0DE4 /* SYTaoBaoAnimationFromViewController.m in Sources */ = {isa = PBXBuildFile; fileRef = 33D0FB971E3B8F2800EF0DE4 /* SYTaoBaoAnimationFromViewController.m */; };
		33D0FB9B1E3B8F7500EF0DE4 /* SYTaoBaoAnimationToViewController.m in Sources */ = {isa = PBXBuildFile; fileRef = 33D0FB9A1E3B8F7500EF0DE4 /* SYTaoBaoAnimationToViewController.m */; };
		33D0FB9D1E3B927200EF0DE4 /* SYTaoBaoAnimation.jpg in Resources */ = {isa = PBXBuildFile; fileRef = 33D0FB9C1E3B927200EF0DE4 /* SYTaoBaoAnimation.jpg */; };
		33D0FB9F1E3BA34000EF0DE4 /* libz.tbd in Frameworks */ = {isa = PBXBuildFile; fileRef = 33D0FB9E1E3BA34000EF0DE4 /* libz.tbd */; };
		33D0FBA11E3BA34C00EF0DE4 /* libc++.tbd in Frameworks */ = {isa = PBXBuildFile; fileRef = 33D0FBA01E3BA34C00EF0DE4 /* libc++.tbd */; };
		33D0FBA31E3BA36100EF0DE4 /* libicucore.tbd in Frameworks */ = {isa = PBXBuildFile; fileRef = 33D0FBA21E3BA36100EF0DE4 /* libicucore.tbd */; };
		33D0FBA51E3BA36900EF0DE4 /* libsqlite3.tbd in Frameworks */ = {isa = PBXBuildFile; fileRef = 33D0FBA41E3BA36900EF0DE4 /* libsqlite3.tbd */; };
		33D0FBA71E3BA37500EF0DE4 /* SystemConfiguration.framework in Frameworks */ = {isa = PBXBuildFile; fileRef = 33D0FBA61E3BA37500EF0DE4 /* SystemConfiguration.framework */; };
		33D0FBA91E3BA37F00EF0DE4 /* MobileCoreServices.framework in Frameworks */ = {isa = PBXBuildFile; fileRef = 33D0FBA81E3BA37F00EF0DE4 /* MobileCoreServices.framework */; };
		33D0FBAB1E3BA38900EF0DE4 /* CoreTelephony.framework in Frameworks */ = {isa = PBXBuildFile; fileRef = 33D0FBAA1E3BA38900EF0DE4 /* CoreTelephony.framework */; };
		33D0FBAD1E3BA39200EF0DE4 /* CoreLocation.framework in Frameworks */ = {isa = PBXBuildFile; fileRef = 33D0FBAC1E3BA39200EF0DE4 /* CoreLocation.framework */; };
		33D0FBAF1E3BA3A200EF0DE4 /* libAVOSCloud.a in Frameworks */ = {isa = PBXBuildFile; fileRef = 33D0FBAE1E3BA3A200EF0DE4 /* libAVOSCloud.a */; };
		40E9ED01209799629DB57570 /* libPods-SBAnimation.a in Frameworks */ = {isa = PBXBuildFile; fileRef = 489EF40C0BD48826AF8FF468 /* libPods-SBAnimation.a */; };
/* End PBXBuildFile section */

/* Begin PBXFileReference section */
		210585C6DCCB291009077F94 /* Pods-SBAnimation.release.xcconfig */ = {isa = PBXFileReference; includeInIndex = 1; lastKnownFileType = text.xcconfig; name = "Pods-SBAnimation.release.xcconfig"; path = "Pods/Target Support Files/Pods-SBAnimation/Pods-SBAnimation.release.xcconfig"; sourceTree = "<group>"; };
		33182C751E38F1C000D9622C /* ShopCartAnimation.h */ = {isa = PBXFileReference; fileEncoding = 4; lastKnownFileType = sourcecode.c.h; path = ShopCartAnimation.h; sourceTree = "<group>"; };
		33182C761E38F1C000D9622C /* ShopCartAnimation.m */ = {isa = PBXFileReference; fileEncoding = 4; lastKnownFileType = sourcecode.c.objc; path = ShopCartAnimation.m; sourceTree = "<group>"; };
		33182C781E38F34400D9622C /* ShopCartAnimationController.h */ = {isa = PBXFileReference; fileEncoding = 4; lastKnownFileType = sourcecode.c.h; path = ShopCartAnimationController.h; sourceTree = "<group>"; };
		33182C791E38F34400D9622C /* ShopCartAnimationController.m */ = {isa = PBXFileReference; fileEncoding = 4; lastKnownFileType = sourcecode.c.objc; path = ShopCartAnimationController.m; sourceTree = "<group>"; };
		33182C7A1E38F34400D9622C /* ShopCartAnimationController.xib */ = {isa = PBXFileReference; fileEncoding = 4; lastKnownFileType = file.xib; path = ShopCartAnimationController.xib; sourceTree = "<group>"; };
		33182C7D1E38F60500D9622C /* PSProductCell.h */ = {isa = PBXFileReference; fileEncoding = 4; lastKnownFileType = sourcecode.c.h; path = PSProductCell.h; sourceTree = "<group>"; };
		33182C7E1E38F60500D9622C /* PSProductCell.m */ = {isa = PBXFileReference; fileEncoding = 4; lastKnownFileType = sourcecode.c.objc; path = PSProductCell.m; sourceTree = "<group>"; };
		33182C7F1E38F60500D9622C /* PSProductCell.xib */ = {isa = PBXFileReference; fileEncoding = 4; lastKnownFileType = file.xib; path = PSProductCell.xib; sourceTree = "<group>"; };
		33182C831E3904A400D9622C /* EDKViewController.h */ = {isa = PBXFileReference; fileEncoding = 4; lastKnownFileType = sourcecode.c.h; path = EDKViewController.h; sourceTree = "<group>"; };
		33182C841E3904A400D9622C /* EDKViewController.m */ = {isa = PBXFileReference; fileEncoding = 4; lastKnownFileType = sourcecode.c.objc; path = EDKViewController.m; sourceTree = "<group>"; };
		33182C851E3904A400D9622C /* EDKViewController.xib */ = {isa = PBXFileReference; fileEncoding = 4; lastKnownFileType = file.xib; path = EDKViewController.xib; sourceTree = "<group>"; };
		331BAF4A1E275D3F00B94BD4 /* SBAnimation.app */ = {isa = PBXFileReference; explicitFileType = wrapper.application; includeInIndex = 0; path = SBAnimation.app; sourceTree = BUILT_PRODUCTS_DIR; };
		331BAF4E1E275D3F00B94BD4 /* main.m */ = {isa = PBXFileReference; lastKnownFileType = sourcecode.c.objc; path = main.m; sourceTree = "<group>"; };
		331BAF501E275D3F00B94BD4 /* AppDelegate.h */ = {isa = PBXFileReference; lastKnownFileType = sourcecode.c.h; path = AppDelegate.h; sourceTree = "<group>"; };
		331BAF511E275D3F00B94BD4 /* AppDelegate.m */ = {isa = PBXFileReference; lastKnownFileType = sourcecode.c.objc; path = AppDelegate.m; sourceTree = "<group>"; };
		331BAF531E275D3F00B94BD4 /* ViewController.h */ = {isa = PBXFileReference; lastKnownFileType = sourcecode.c.h; path = ViewController.h; sourceTree = "<group>"; };
		331BAF541E275D3F00B94BD4 /* ViewController.m */ = {isa = PBXFileReference; lastKnownFileType = sourcecode.c.objc; path = ViewController.m; sourceTree = "<group>"; };
		331BAF571E275D3F00B94BD4 /* Base */ = {isa = PBXFileReference; lastKnownFileType = file.storyboard; name = Base; path = Base.lproj/Main.storyboard; sourceTree = "<group>"; };
		331BAF591E275D3F00B94BD4 /* Assets.xcassets */ = {isa = PBXFileReference; lastKnownFileType = folder.assetcatalog; path = Assets.xcassets; sourceTree = "<group>"; };
		331BAF5C1E275D3F00B94BD4 /* Base */ = {isa = PBXFileReference; lastKnownFileType = file.storyboard; name = Base; path = Base.lproj/LaunchScreen.storyboard; sourceTree = "<group>"; };
		331BAF5E1E275D3F00B94BD4 /* Info.plist */ = {isa = PBXFileReference; lastKnownFileType = text.plist.xml; path = Info.plist; sourceTree = "<group>"; };
		331BAF651E275D7D00B94BD4 /* SpeedoMeterView.h */ = {isa = PBXFileReference; fileEncoding = 4; lastKnownFileType = sourcecode.c.h; path = SpeedoMeterView.h; sourceTree = "<group>"; };
		331BAF661E275D7D00B94BD4 /* SpeedoMeterView.m */ = {isa = PBXFileReference; fileEncoding = 4; lastKnownFileType = sourcecode.c.objc; path = SpeedoMeterView.m; sourceTree = "<group>"; };
		331BAF671E275D7D00B94BD4 /* SpeedoMeterView.xib */ = {isa = PBXFileReference; fileEncoding = 4; lastKnownFileType = file.xib; path = SpeedoMeterView.xib; sourceTree = "<group>"; };
		331BAF6A1E27624F00B94BD4 /* SBTestCell.h */ = {isa = PBXFileReference; fileEncoding = 4; lastKnownFileType = sourcecode.c.h; path = SBTestCell.h; sourceTree = "<group>"; };
		331BAF6B1E27624F00B94BD4 /* SBTestCell.m */ = {isa = PBXFileReference; fileEncoding = 4; lastKnownFileType = sourcecode.c.objc; path = SBTestCell.m; sourceTree = "<group>"; };
		331BAF6D1E2763D200B94BD4 /* SBTestCell.xib */ = {isa = PBXFileReference; fileEncoding = 4; lastKnownFileType = file.xib; path = SBTestCell.xib; sourceTree = "<group>"; };
		331BAF6F1E2764A700B94BD4 /* SBTestModel.h */ = {isa = PBXFileReference; fileEncoding = 4; lastKnownFileType = sourcecode.c.h; path = SBTestModel.h; sourceTree = "<group>"; };
		331BAF701E2764A700B94BD4 /* SBTestModel.m */ = {isa = PBXFileReference; fileEncoding = 4; lastKnownFileType = sourcecode.c.objc; path = SBTestModel.m; sourceTree = "<group>"; };
		331BAF751E27752C00B94BD4 /* SpeedMeterTestViewController.h */ = {isa = PBXFileReference; fileEncoding = 4; lastKnownFileType = sourcecode.c.h; path = SpeedMeterTestViewController.h; sourceTree = "<group>"; };
		331BAF761E27752C00B94BD4 /* SpeedMeterTestViewController.m */ = {isa = PBXFileReference; fileEncoding = 4; lastKnownFileType = sourcecode.c.objc; path = SpeedMeterTestViewController.m; sourceTree = "<group>"; };
		331BAF771E27752C00B94BD4 /* SpeedMeterTestViewController.xib */ = {isa = PBXFileReference; fileEncoding = 4; lastKnownFileType = file.xib; path = SpeedMeterTestViewController.xib; sourceTree = "<group>"; };
		33D0FB931E3B8E7100EF0DE4 /* PSTransationViewController.h */ = {isa = PBXFileReference; fileEncoding = 4; lastKnownFileType = sourcecode.c.h; path = PSTransationViewController.h; sourceTree = "<group>"; };
		33D0FB941E3B8E7100EF0DE4 /* PSTransationViewController.m */ = {isa = PBXFileReference; fileEncoding = 4; lastKnownFileType = sourcecode.c.objc; path = PSTransationViewController.m; sourceTree = "<group>"; };
		33D0FB961E3B8F2800EF0DE4 /* SYTaoBaoAnimationFromViewController.h */ = {isa = PBXFileReference; fileEncoding = 4; lastKnownFileType = sourcecode.c.h; name = SYTaoBaoAnimationFromViewController.h; path = PSTransitionViewController/SYTaoBaoAnimationFromViewController.h; sourceTree = "<group>"; };
		33D0FB971E3B8F2800EF0DE4 /* SYTaoBaoAnimationFromViewController.m */ = {isa = PBXFileReference; fileEncoding = 4; lastKnownFileType = sourcecode.c.objc; name = SYTaoBaoAnimationFromViewController.m; path = PSTransitionViewController/SYTaoBaoAnimationFromViewController.m; sourceTree = "<group>"; };
		33D0FB991E3B8F7500EF0DE4 /* SYTaoBaoAnimationToViewController.h */ = {isa = PBXFileReference; fileEncoding = 4; lastKnownFileType = sourcecode.c.h; path = SYTaoBaoAnimationToViewController.h; sourceTree = "<group>"; };
		33D0FB9A1E3B8F7500EF0DE4 /* SYTaoBaoAnimationToViewController.m */ = {isa = PBXFileReference; fileEncoding = 4; lastKnownFileType = sourcecode.c.objc; path = SYTaoBaoAnimationToViewController.m; sourceTree = "<group>"; };
		33D0FB9C1E3B927200EF0DE4 /* SYTaoBaoAnimation.jpg */ = {isa = PBXFileReference; lastKnownFileType = image.jpeg; path = SYTaoBaoAnimation.jpg; sourceTree = "<group>"; };
		33D0FB9E1E3BA34000EF0DE4 /* libz.tbd */ = {isa = PBXFileReference; lastKnownFileType = "sourcecode.text-based-dylib-definition"; name = libz.tbd; path = usr/lib/libz.tbd; sourceTree = SDKROOT; };
		33D0FBA01E3BA34C00EF0DE4 /* libc++.tbd */ = {isa = PBXFileReference; lastKnownFileType = "sourcecode.text-based-dylib-definition"; name = "libc++.tbd"; path = "usr/lib/libc++.tbd"; sourceTree = SDKROOT; };
		33D0FBA21E3BA36100EF0DE4 /* libicucore.tbd */ = {isa = PBXFileReference; lastKnownFileType = "sourcecode.text-based-dylib-definition"; name = libicucore.tbd; path = usr/lib/libicucore.tbd; sourceTree = SDKROOT; };
		33D0FBA41E3BA36900EF0DE4 /* libsqlite3.tbd */ = {isa = PBXFileReference; lastKnownFileType = "sourcecode.text-based-dylib-definition"; name = libsqlite3.tbd; path = usr/lib/libsqlite3.tbd; sourceTree = SDKROOT; };
		33D0FBA61E3BA37500EF0DE4 /* SystemConfiguration.framework */ = {isa = PBXFileReference; lastKnownFileType = wrapper.framework; name = SystemConfiguration.framework; path = System/Library/Frameworks/SystemConfiguration.framework; sourceTree = SDKROOT; };
		33D0FBA81E3BA37F00EF0DE4 /* MobileCoreServices.framework */ = {isa = PBXFileReference; lastKnownFileType = wrapper.framework; name = MobileCoreServices.framework; path = System/Library/Frameworks/MobileCoreServices.framework; sourceTree = SDKROOT; };
		33D0FBAA1E3BA38900EF0DE4 /* CoreTelephony.framework */ = {isa = PBXFileReference; lastKnownFileType = wrapper.framework; name = CoreTelephony.framework; path = System/Library/Frameworks/CoreTelephony.framework; sourceTree = SDKROOT; };
		33D0FBAC1E3BA39200EF0DE4 /* CoreLocation.framework */ = {isa = PBXFileReference; lastKnownFileType = wrapper.framework; name = CoreLocation.framework; path = System/Library/Frameworks/CoreLocation.framework; sourceTree = SDKROOT; };
		33D0FBAE1E3BA3A200EF0DE4 /* libAVOSCloud.a */ = {isa = PBXFileReference; lastKnownFileType = archive.ar; name = libAVOSCloud.a; path = "../../../Library/Developer/Xcode/DerivedData/SBAnimation-bojiuicgufodmjaiqxhchxcprakh/Build/Products/Debug-iphonesimulator/AVOSCloud/libAVOSCloud.a"; sourceTree = "<group>"; };
		489EF40C0BD48826AF8FF468 /* libPods-SBAnimation.a */ = {isa = PBXFileReference; explicitFileType = archive.ar; includeInIndex = 0; path = "libPods-SBAnimation.a"; sourceTree = BUILT_PRODUCTS_DIR; };
		F15F74F8BA8C3720CAB56898 /* Pods-SBAnimation.debug.xcconfig */ = {isa = PBXFileReference; includeInIndex = 1; lastKnownFileType = text.xcconfig; name = "Pods-SBAnimation.debug.xcconfig"; path = "Pods/Target Support Files/Pods-SBAnimation/Pods-SBAnimation.debug.xcconfig"; sourceTree = "<group>"; };
/* End PBXFileReference section */

/* Begin PBXFrameworksBuildPhase section */
		331BAF471E275D3F00B94BD4 /* Frameworks */ = {
			isa = PBXFrameworksBuildPhase;
			buildActionMask = 2147483647;
			files = (
				33D0FBAF1E3BA3A200EF0DE4 /* libAVOSCloud.a in Frameworks */,
				33D0FBAD1E3BA39200EF0DE4 /* CoreLocation.framework in Frameworks */,
				33D0FBAB1E3BA38900EF0DE4 /* CoreTelephony.framework in Frameworks */,
				33D0FBA91E3BA37F00EF0DE4 /* MobileCoreServices.framework in Frameworks */,
				33D0FBA71E3BA37500EF0DE4 /* SystemConfiguration.framework in Frameworks */,
				33D0FBA51E3BA36900EF0DE4 /* libsqlite3.tbd in Frameworks */,
				33D0FBA31E3BA36100EF0DE4 /* libicucore.tbd in Frameworks */,
				33D0FBA11E3BA34C00EF0DE4 /* libc++.tbd in Frameworks */,
				33D0FB9F1E3BA34000EF0DE4 /* libz.tbd in Frameworks */,
				40E9ED01209799629DB57570 /* libPods-SBAnimation.a in Frameworks */,
			);
			runOnlyForDeploymentPostprocessing = 0;
		};
/* End PBXFrameworksBuildPhase section */

/* Begin PBXGroup section */
		12F63670EE59B607B17E9AC6 /* Frameworks */ = {
			isa = PBXGroup;
			children = (
				33D0FBAE1E3BA3A200EF0DE4 /* libAVOSCloud.a */,
				33D0FBAC1E3BA39200EF0DE4 /* CoreLocation.framework */,
				33D0FBAA1E3BA38900EF0DE4 /* CoreTelephony.framework */,
				33D0FBA81E3BA37F00EF0DE4 /* MobileCoreServices.framework */,
				33D0FBA61E3BA37500EF0DE4 /* SystemConfiguration.framework */,
				33D0FBA41E3BA36900EF0DE4 /* libsqlite3.tbd */,
				33D0FBA21E3BA36100EF0DE4 /* libicucore.tbd */,
				33D0FBA01E3BA34C00EF0DE4 /* libc++.tbd */,
				33D0FB9E1E3BA34000EF0DE4 /* libz.tbd */,
				489EF40C0BD48826AF8FF468 /* libPods-SBAnimation.a */,
			);
			name = Frameworks;
			sourceTree = "<group>";
		};
		33182C741E38F18700D9622C /* ShopCartAnimation */ = {
			isa = PBXGroup;
			children = (
				33182C751E38F1C000D9622C /* ShopCartAnimation.h */,
				33182C761E38F1C000D9622C /* ShopCartAnimation.m */,
				33182C781E38F34400D9622C /* ShopCartAnimationController.h */,
				33182C791E38F34400D9622C /* ShopCartAnimationController.m */,
				33182C7A1E38F34400D9622C /* ShopCartAnimationController.xib */,
				33182C7D1E38F60500D9622C /* PSProductCell.h */,
				33182C7E1E38F60500D9622C /* PSProductCell.m */,
				33182C7F1E38F60500D9622C /* PSProductCell.xib */,
			);
			path = ShopCartAnimation;
			sourceTree = "<group>";
		};
		33182C821E39048700D9622C /* EmptyDataKitDemo */ = {
			isa = PBXGroup;
			children = (
				33182C831E3904A400D9622C /* EDKViewController.h */,
				33182C841E3904A400D9622C /* EDKViewController.m */,
				33182C851E3904A400D9622C /* EDKViewController.xib */,
			);
			path = EmptyDataKitDemo;
			sourceTree = "<group>";
		};
		331BAF411E275D3F00B94BD4 = {
			isa = PBXGroup;
			children = (
				331BAF4C1E275D3F00B94BD4 /* SBAnimation */,
				331BAF4B1E275D3F00B94BD4 /* Products */,
				FEBE7A55C6AF4E91B0D64595 /* Pods */,
				12F63670EE59B607B17E9AC6 /* Frameworks */,
			);
			sourceTree = "<group>";
		};
		331BAF4B1E275D3F00B94BD4 /* Products */ = {
			isa = PBXGroup;
			children = (
				331BAF4A1E275D3F00B94BD4 /* SBAnimation.app */,
			);
			name = Products;
			sourceTree = "<group>";
		};
		331BAF4C1E275D3F00B94BD4 /* SBAnimation */ = {
			isa = PBXGroup;
			children = (
				33D0FB911E3B8E2600EF0DE4 /* 淘宝加入购物车转场动画 */,
				33182C821E39048700D9622C /* EmptyDataKitDemo */,
				33182C741E38F18700D9622C /* ShopCartAnimation */,
				331BAF641E275D7700B94BD4 /* SpeedMeterView */,
				331BAF501E275D3F00B94BD4 /* AppDelegate.h */,
				331BAF511E275D3F00B94BD4 /* AppDelegate.m */,
				331BAF531E275D3F00B94BD4 /* ViewController.h */,
				331BAF541E275D3F00B94BD4 /* ViewController.m */,
				331BAF6A1E27624F00B94BD4 /* SBTestCell.h */,
				331BAF6B1E27624F00B94BD4 /* SBTestCell.m */,
				331BAF6D1E2763D200B94BD4 /* SBTestCell.xib */,
				331BAF6F1E2764A700B94BD4 /* SBTestModel.h */,
				331BAF701E2764A700B94BD4 /* SBTestModel.m */,
				331BAF561E275D3F00B94BD4 /* Main.storyboard */,
				331BAF591E275D3F00B94BD4 /* Assets.xcassets */,
				331BAF5B1E275D3F00B94BD4 /* LaunchScreen.storyboard */,
				331BAF5E1E275D3F00B94BD4 /* Info.plist */,
				331BAF4D1E275D3F00B94BD4 /* Supporting Files */,
			);
			path = SBAnimation;
			sourceTree = "<group>";
		};
		331BAF4D1E275D3F00B94BD4 /* Supporting Files */ = {
			isa = PBXGroup;
			children = (
				331BAF4E1E275D3F00B94BD4 /* main.m */,
			);
			name = "Supporting Files";
			sourceTree = "<group>";
		};
		331BAF641E275D7700B94BD4 /* SpeedMeterView */ = {
			isa = PBXGroup;
			children = (
				331BAF651E275D7D00B94BD4 /* SpeedoMeterView.h */,
				331BAF661E275D7D00B94BD4 /* SpeedoMeterView.m */,
				331BAF671E275D7D00B94BD4 /* SpeedoMeterView.xib */,
				331BAF751E27752C00B94BD4 /* SpeedMeterTestViewController.h */,
				331BAF761E27752C00B94BD4 /* SpeedMeterTestViewController.m */,
				331BAF771E27752C00B94BD4 /* SpeedMeterTestViewController.xib */,
			);
			path = SpeedMeterView;
			sourceTree = "<group>";
		};
		33D0FB911E3B8E2600EF0DE4 /* 淘宝加入购物车转场动画 */ = {
			isa = PBXGroup;
			children = (
				33D0FB9C1E3B927200EF0DE4 /* SYTaoBaoAnimation.jpg */,
				33D0FB961E3B8F2800EF0DE4 /* SYTaoBaoAnimationFromViewController.h */,
				33D0FB971E3B8F2800EF0DE4 /* SYTaoBaoAnimationFromViewController.m */,
				33D0FB991E3B8F7500EF0DE4 /* SYTaoBaoAnimationToViewController.h */,
				33D0FB9A1E3B8F7500EF0DE4 /* SYTaoBaoAnimationToViewController.m */,
				33D0FB921E3B8E5F00EF0DE4 /* PSTransitionViewController */,
			);
			path = "淘宝加入购物车转场动画";
			sourceTree = "<group>";
		};
		33D0FB921E3B8E5F00EF0DE4 /* PSTransitionViewController */ = {
			isa = PBXGroup;
			children = (
				33D0FB931E3B8E7100EF0DE4 /* PSTransationViewController.h */,
				33D0FB941E3B8E7100EF0DE4 /* PSTransationViewController.m */,
			);
			path = PSTransitionViewController;
			sourceTree = "<group>";
		};
		FEBE7A55C6AF4E91B0D64595 /* Pods */ = {
			isa = PBXGroup;
			children = (
				F15F74F8BA8C3720CAB56898 /* Pods-SBAnimation.debug.xcconfig */,
				210585C6DCCB291009077F94 /* Pods-SBAnimation.release.xcconfig */,
			);
			name = Pods;
			sourceTree = "<group>";
		};
/* End PBXGroup section */

/* Begin PBXNativeTarget section */
		331BAF491E275D3F00B94BD4 /* SBAnimation */ = {
			isa = PBXNativeTarget;
			buildConfigurationList = 331BAF611E275D3F00B94BD4 /* Build configuration list for PBXNativeTarget "SBAnimation" */;
			buildPhases = (
				A1DB3691C568F9DCA32F751A /* [CP] Check Pods Manifest.lock */,
				331BAF461E275D3F00B94BD4 /* Sources */,
				331BAF471E275D3F00B94BD4 /* Frameworks */,
				331BAF481E275D3F00B94BD4 /* Resources */,
				8D106407EEC40553DE1C2FB2 /* [CP] Embed Pods Frameworks */,
				3442E1274323CAEC10F6EA90 /* [CP] Copy Pods Resources */,
			);
			buildRules = (
			);
			dependencies = (
			);
			name = SBAnimation;
			productName = SBAnimation;
			productReference = 331BAF4A1E275D3F00B94BD4 /* SBAnimation.app */;
			productType = "com.apple.product-type.application";
		};
/* End PBXNativeTarget section */

/* Begin PBXProject section */
		331BAF421E275D3F00B94BD4 /* Project object */ = {
			isa = PBXProject;
			attributes = {
				LastUpgradeCheck = 0820;
				ORGANIZATIONNAME = "Programmer Sunny";
				TargetAttributes = {
					331BAF491E275D3F00B94BD4 = {
						CreatedOnToolsVersion = 8.2.1;
						DevelopmentTeam = V2WXP6H9GS;
						ProvisioningStyle = Automatic;
					};
				};
			};
			buildConfigurationList = 331BAF451E275D3F00B94BD4 /* Build configuration list for PBXProject "SBAnimation" */;
			compatibilityVersion = "Xcode 3.2";
			developmentRegion = English;
			hasScannedForEncodings = 0;
			knownRegions = (
				en,
				Base,
			);
			mainGroup = 331BAF411E275D3F00B94BD4;
			productRefGroup = 331BAF4B1E275D3F00B94BD4 /* Products */;
			projectDirPath = "";
			projectRoot = "";
			targets = (
				331BAF491E275D3F00B94BD4 /* SBAnimation */,
			);
		};
/* End PBXProject section */

/* Begin PBXResourcesBuildPhase section */
		331BAF481E275D3F00B94BD4 /* Resources */ = {
			isa = PBXResourcesBuildPhase;
			buildActionMask = 2147483647;
			files = (
				331BAF691E275D7D00B94BD4 /* SpeedoMeterView.xib in Resources */,
				33D0FB9D1E3B927200EF0DE4 /* SYTaoBaoAnimation.jpg in Resources */,
				331BAF5D1E275D3F00B94BD4 /* LaunchScreen.storyboard in Resources */,
				331BAF791E27752C00B94BD4 /* SpeedMeterTestViewController.xib in Resources */,
				33182C871E3904A400D9622C /* EDKViewController.xib in Resources */,
				331BAF5A1E275D3F00B94BD4 /* Assets.xcassets in Resources */,
				33182C7C1E38F34400D9622C /* ShopCartAnimationController.xib in Resources */,
				331BAF581E275D3F00B94BD4 /* Main.storyboard in Resources */,
				33182C811E38F60500D9622C /* PSProductCell.xib in Resources */,
				331BAF6E1E2763D200B94BD4 /* SBTestCell.xib in Resources */,
			);
			runOnlyForDeploymentPostprocessing = 0;
		};
/* End PBXResourcesBuildPhase section */

/* Begin PBXShellScriptBuildPhase section */
		3442E1274323CAEC10F6EA90 /* [CP] Copy Pods Resources */ = {
			isa = PBXShellScriptBuildPhase;
			buildActionMask = 2147483647;
			files = (
			);
			inputPaths = (
			);
			name = "[CP] Copy Pods Resources";
			outputPaths = (
			);
			runOnlyForDeploymentPostprocessing = 0;
			shellPath = /bin/sh;
			shellScript = "\"${SRCROOT}/Pods/Target Support Files/Pods-SBAnimation/Pods-SBAnimation-resources.sh\"\n";
			showEnvVarsInLog = 0;
		};
		8D106407EEC40553DE1C2FB2 /* [CP] Embed Pods Frameworks */ = {
			isa = PBXShellScriptBuildPhase;
			buildActionMask = 2147483647;
			files = (
			);
			inputPaths = (
			);
			name = "[CP] Embed Pods Frameworks";
			outputPaths = (
			);
			runOnlyForDeploymentPostprocessing = 0;
			shellPath = /bin/sh;
			shellScript = "\"${SRCROOT}/Pods/Target Support Files/Pods-SBAnimation/Pods-SBAnimation-frameworks.sh\"\n";
			showEnvVarsInLog = 0;
		};
		A1DB3691C568F9DCA32F751A /* [CP] Check Pods Manifest.lock */ = {
			isa = PBXShellScriptBuildPhase;
			buildActionMask = 2147483647;
			files = (
			);
			inputPaths = (
			);
			name = "[CP] Check Pods Manifest.lock";
			outputPaths = (
			);
			runOnlyForDeploymentPostprocessing = 0;
			shellPath = /bin/sh;
			shellScript = "diff \"${PODS_ROOT}/../Podfile.lock\" \"${PODS_ROOT}/Manifest.lock\" > /dev/null\nif [ $? != 0 ] ; then\n    # print error to STDERR\n    echo \"error: The sandbox is not in sync with the Podfile.lock. Run 'pod install' or update your CocoaPods installation.\" >&2\n    exit 1\nfi\n";
			showEnvVarsInLog = 0;
		};
/* End PBXShellScriptBuildPhase section */

/* Begin PBXSourcesBuildPhase section */
		331BAF461E275D3F00B94BD4 /* Sources */ = {
			isa = PBXSourcesBuildPhase;
			buildActionMask = 2147483647;
			files = (
				33D0FB981E3B8F2800EF0DE4 /* SYTaoBaoAnimationFromViewController.m in Sources */,
				331BAF681E275D7D00B94BD4 /* SpeedoMeterView.m in Sources */,
				33182C7B1E38F34400D9622C /* ShopCartAnimationController.m in Sources */,
				331BAF551E275D3F00B94BD4 /* ViewController.m in Sources */,
				33182C771E38F1C000D9622C /* ShopCartAnimation.m in Sources */,
				331BAF521E275D3F00B94BD4 /* AppDelegate.m in Sources */,
				331BAF781E27752C00B94BD4 /* SpeedMeterTestViewController.m in Sources */,
				331BAF4F1E275D3F00B94BD4 /* main.m in Sources */,
				331BAF711E2764A700B94BD4 /* SBTestModel.m in Sources */,
				33D0FB9B1E3B8F7500EF0DE4 /* SYTaoBaoAnimationToViewController.m in Sources */,
				33D0FB951E3B8E7100EF0DE4 /* PSTransationViewController.m in Sources */,
				33182C861E3904A400D9622C /* EDKViewController.m in Sources */,
				33182C801E38F60500D9622C /* PSProductCell.m in Sources */,
				331BAF6C1E27624F00B94BD4 /* SBTestCell.m in Sources */,
			);
			runOnlyForDeploymentPostprocessing = 0;
		};
/* End PBXSourcesBuildPhase section */

/* Begin PBXVariantGroup section */
		331BAF561E275D3F00B94BD4 /* Main.storyboard */ = {
			isa = PBXVariantGroup;
			children = (
				331BAF571E275D3F00B94BD4 /* Base */,
			);
			name = Main.storyboard;
			sourceTree = "<group>";
		};
		331BAF5B1E275D3F00B94BD4 /* LaunchScreen.storyboard */ = {
			isa = PBXVariantGroup;
			children = (
				331BAF5C1E275D3F00B94BD4 /* Base */,
			);
			name = LaunchScreen.storyboard;
			sourceTree = "<group>";
		};
/* End PBXVariantGroup section */

/* Begin XCBuildConfiguration section */
		331BAF5F1E275D3F00B94BD4 /* Debug */ = {
			isa = XCBuildConfiguration;
			buildSettings = {
				ALWAYS_SEARCH_USER_PATHS = NO;
				CLANG_ANALYZER_NONNULL = YES;
				CLANG_CXX_LANGUAGE_STANDARD = "gnu++0x";
				CLANG_CXX_LIBRARY = "libc++";
				CLANG_ENABLE_MODULES = YES;
				CLANG_ENABLE_OBJC_ARC = YES;
				CLANG_WARN_BOOL_CONVERSION = YES;
				CLANG_WARN_CONSTANT_CONVERSION = YES;
				CLANG_WARN_DIRECT_OBJC_ISA_USAGE = YES_ERROR;
				CLANG_WARN_DOCUMENTATION_COMMENTS = YES;
				CLANG_WARN_EMPTY_BODY = YES;
				CLANG_WARN_ENUM_CONVERSION = YES;
				CLANG_WARN_INFINITE_RECURSION = YES;
				CLANG_WARN_INT_CONVERSION = YES;
				CLANG_WARN_OBJC_ROOT_CLASS = YES_ERROR;
				CLANG_WARN_SUSPICIOUS_MOVE = YES;
				CLANG_WARN_UNREACHABLE_CODE = YES;
				CLANG_WARN__DUPLICATE_METHOD_MATCH = YES;
				"CODE_SIGN_IDENTITY[sdk=iphoneos*]" = "iPhone Developer";
				COPY_PHASE_STRIP = NO;
				DEBUG_INFORMATION_FORMAT = dwarf;
				ENABLE_STRICT_OBJC_MSGSEND = YES;
				ENABLE_TESTABILITY = YES;
				GCC_C_LANGUAGE_STANDARD = gnu99;
				GCC_DYNAMIC_NO_PIC = NO;
				GCC_NO_COMMON_BLOCKS = YES;
				GCC_OPTIMIZATION_LEVEL = 0;
				GCC_PREPROCESSOR_DEFINITIONS = (
					"DEBUG=1",
					"$(inherited)",
				);
				GCC_WARN_64_TO_32_BIT_CONVERSION = YES;
				GCC_WARN_ABOUT_RETURN_TYPE = YES_ERROR;
				GCC_WARN_UNDECLARED_SELECTOR = YES;
				GCC_WARN_UNINITIALIZED_AUTOS = YES_AGGRESSIVE;
				GCC_WARN_UNUSED_FUNCTION = YES;
				GCC_WARN_UNUSED_VARIABLE = YES;
				IPHONEOS_DEPLOYMENT_TARGET = 10.2;
				MTL_ENABLE_DEBUG_INFO = YES;
				ONLY_ACTIVE_ARCH = YES;
				SDKROOT = iphoneos;
			};
			name = Debug;
		};
		331BAF601E275D3F00B94BD4 /* Release */ = {
			isa = XCBuildConfiguration;
			buildSettings = {
				ALWAYS_SEARCH_USER_PATHS = NO;
				CLANG_ANALYZER_NONNULL = YES;
				CLANG_CXX_LANGUAGE_STANDARD = "gnu++0x";
				CLANG_CXX_LIBRARY = "libc++";
				CLANG_ENABLE_MODULES = YES;
				CLANG_ENABLE_OBJC_ARC = YES;
				CLANG_WARN_BOOL_CONVERSION = YES;
				CLANG_WARN_CONSTANT_CONVERSION = YES;
				CLANG_WARN_DIRECT_OBJC_ISA_USAGE = YES_ERROR;
				CLANG_WARN_DOCUMENTATION_COMMENTS = YES;
				CLANG_WARN_EMPTY_BODY = YES;
				CLANG_WARN_ENUM_CONVERSION = YES;
				CLANG_WARN_INFINITE_RECURSION = YES;
				CLANG_WARN_INT_CONVERSION = YES;
				CLANG_WARN_OBJC_ROOT_CLASS = YES_ERROR;
				CLANG_WARN_SUSPICIOUS_MOVE = YES;
				CLANG_WARN_UNREACHABLE_CODE = YES;
				CLANG_WARN__DUPLICATE_METHOD_MATCH = YES;
				"CODE_SIGN_IDENTITY[sdk=iphoneos*]" = "iPhone Developer";
				COPY_PHASE_STRIP = NO;
				DEBUG_INFORMATION_FORMAT = "dwarf-with-dsym";
				ENABLE_NS_ASSERTIONS = NO;
				ENABLE_STRICT_OBJC_MSGSEND = YES;
				GCC_C_LANGUAGE_STANDARD = gnu99;
				GCC_NO_COMMON_BLOCKS = YES;
				GCC_WARN_64_TO_32_BIT_CONVERSION = YES;
				GCC_WARN_ABOUT_RETURN_TYPE = YES_ERROR;
				GCC_WARN_UNDECLARED_SELECTOR = YES;
				GCC_WARN_UNINITIALIZED_AUTOS = YES_AGGRESSIVE;
				GCC_WARN_UNUSED_FUNCTION = YES;
				GCC_WARN_UNUSED_VARIABLE = YES;
				IPHONEOS_DEPLOYMENT_TARGET = 10.2;
				MTL_ENABLE_DEBUG_INFO = NO;
				SDKROOT = iphoneos;
				VALIDATE_PRODUCT = YES;
			};
			name = Release;
		};
		331BAF621E275D3F00B94BD4 /* Debug */ = {
			isa = XCBuildConfiguration;
			baseConfigurationReference = F15F74F8BA8C3720CAB56898 /* Pods-SBAnimation.debug.xcconfig */;
			buildSettings = {
				ASSETCATALOG_COMPILER_APPICON_NAME = AppIcon;
				DEVELOPMENT_TEAM = V2WXP6H9GS;
				ENABLE_BITCODE = YES;
				INFOPLIST_FILE = SBAnimation/Info.plist;
				IPHONEOS_DEPLOYMENT_TARGET = 10.0;
				LD_RUNPATH_SEARCH_PATHS = "$(inherited) @executable_path/Frameworks";
				OTHER_LDFLAGS = (
					"$(inherited)",
					"-ObjC",
				);
				PRODUCT_BUNDLE_IDENTIFIER = app.SBAnimation;
				PRODUCT_NAME = "$(TARGET_NAME)";
			};
			name = Debug;
		};
		331BAF631E275D3F00B94BD4 /* Release */ = {
			isa = XCBuildConfiguration;
			baseConfigurationReference = 210585C6DCCB291009077F94 /* Pods-SBAnimation.release.xcconfig */;
			buildSettings = {
				ASSETCATALOG_COMPILER_APPICON_NAME = AppIcon;
				DEVELOPMENT_TEAM = V2WXP6H9GS;
				ENABLE_BITCODE = YES;
				INFOPLIST_FILE = SBAnimation/Info.plist;
				IPHONEOS_DEPLOYMENT_TARGET = 10.0;
				LD_RUNPATH_SEARCH_PATHS = "$(inherited) @executable_path/Frameworks";
				OTHER_LDFLAGS = (
					"$(inherited)",
					"-ObjC",
				);
				PRODUCT_BUNDLE_IDENTIFIER = app.SBAnimation;
				PRODUCT_NAME = "$(TARGET_NAME)";
			};
			name = Release;
		};
/* End XCBuildConfiguration section */

/* Begin XCConfigurationList section */
		331BAF451E275D3F00B94BD4 /* Build configuration list for PBXProject "SBAnimation" */ = {
			isa = XCConfigurationList;
			buildConfigurations = (
				331BAF5F1E275D3F00B94BD4 /* Debug */,
				331BAF601E275D3F00B94BD4 /* Release */,
			);
			defaultConfigurationIsVisible = 0;
			defaultConfigurationName = Release;
		};
		331BAF611E275D3F00B94BD4 /* Build configuration list for PBXNativeTarget "SBAnimation" */ = {
			isa = XCConfigurationList;
			buildConfigurations = (
				331BAF621E275D3F00B94BD4 /* Debug */,
				331BAF631E275D3F00B94BD4 /* Release */,
			);
			defaultConfigurationIsVisible = 0;
			defaultConfigurationName = Release;
		};
/* End XCConfigurationList section */
	};
	rootObject = 331BAF421E275D3F00B94BD4 /* Project object */;
}
